
Microsoft Visual Studio Solution File, Format Version 12.00
# Visual Studio Version 17
VisualStudioVersion = 17.0.32014.148
MinimumVisualStudioVersion = 10.0.40219.1
Project("{9A19103F-16F7-4668-BE54-9A1E7A4F7556}") = "Assignment_2_01", "Assignment_2_01\Assignment_2_01.csproj", "{4AFD3FB2-B302-4704-9FFA-59585D653252}"
EndProject
Project("{FAE04EC0-301F-11D3-BF4B-00C04F79EFBC}") = "Assignment_2_01Tests", "Assignment_2_01Tests\Assignment_2_01Tests.csproj", "{83B3BBED-8A2F-4F6C-A44D-F6B9E6E69D6A}"
EndProject
Global
	GlobalSection(SolutionConfigurationPlatforms) = preSolution
		Debug|Any CPU = Debug|Any CPU
		Release|Any CPU = Release|Any CPU
	EndGlobalSection
	GlobalSection(ProjectConfigurationPlatforms) = postSolution
		{4AFD3FB2-B302-4704-9FFA-59585D653252}.Debug|Any CPU.ActiveCfg = Debug|Any CPU
		{4AFD3FB2-B302-4704-9FFA-59585D653252}.Debug|Any CPU.Build.0 = Debug|Any CPU
		{4AFD3FB2-B302-4704-9FFA-59585D653252}.Release|Any CPU.ActiveCfg = Release|Any CPU
		{4AFD3FB2-B302-4704-9FFA-59585D653252}.Release|Any CPU.Build.0 = Release|Any CPU
		{83B3BBED-8A2F-4F6C-A44D-F6B9E6E69D6A}.Debug|Any CPU.ActiveCfg = Debug|Any CPU
		{83B3BBED-8A2F-4F6C-A44D-F6B9E6E69D6A}.Debug|Any CPU.Build.0 = Debug|Any CPU
		{83B3BBED-8A2F-4F6C-A44D-F6B9E6E69D6A}.Release|Any CPU.ActiveCfg = Release|Any CPU
		{83B3BBED-8A2F-4F6C-A44D-F6B9E6E69D6A}.Release|Any CPU.Build.0 = Release|Any CPU
	EndGlobalSection
	GlobalSection(SolutionProperties) = preSolution
		HideSolutionNode = FALSE
	EndGlobalSection
	GlobalSection(ExtensibilityGlobals) = postSolution
		SolutionGuid = {3E4AA05E-9575-4A41-A216-E4FB1C7D41F6}
	EndGlobalSection
EndGlobal
